
Microsoft Visual Studio Solution File, Format Version 12.00
# Visual Studio Version 16
VisualStudioVersion = 16.0.30204.135
MinimumVisualStudioVersion = 10.0.40219.1
Project("{9A19103F-16F7-4668-BE54-9A1E7A4F7556}") = "MiniORM.App", "MiniORM.App\MiniORM.App.csproj", "{CEDAC7FB-458D-4504-ACD1-2BA7FC903E16}"
EndProject
Project("{9A19103F-16F7-4668-BE54-9A1E7A4F7556}") = "MiniORM", "MiniORM\MiniORM.csproj", "{8856EFA6-BB4B-4718-93FD-256753494BC9}"
EndProject
Global
	GlobalSection(SolutionConfigurationPlatforms) = preSolution
		Debug|Any CPU = Debug|Any CPU
		Release|Any CPU = Release|Any CPU
	EndGlobalSection
	GlobalSection(ProjectConfigurationPlatforms) = postSolution
		{CEDAC7FB-458D-4504-ACD1-2BA7FC903E16}.Debug|Any CPU.ActiveCfg = Debug|Any CPU
		{CEDAC7FB-458D-4504-ACD1-2BA7FC903E16}.Debug|Any CPU.Build.0 = Debug|Any CPU
		{CEDAC7FB-458D-4504-ACD1-2BA7FC903E16}.Release|Any CPU.ActiveCfg = Release|Any CPU
		{CEDAC7FB-458D-4504-ACD1-2BA7FC903E16}.Release|Any CPU.Build.0 = Release|Any CPU
		{8856EFA6-BB4B-4718-93FD-256753494BC9}.Debug|Any CPU.ActiveCfg = Debug|Any CPU
		{8856EFA6-BB4B-4718-93FD-256753494BC9}.Debug|Any CPU.Build.0 = Debug|Any CPU
		{8856EFA6-BB4B-4718-93FD-256753494BC9}.Release|Any CPU.ActiveCfg = Release|Any CPU
		{8856EFA6-BB4B-4718-93FD-256753494BC9}.Release|Any CPU.Build.0 = Release|Any CPU
	EndGlobalSection
	GlobalSection(SolutionProperties) = preSolution
		HideSolutionNode = FALSE
	EndGlobalSection
	GlobalSection(ExtensibilityGlobals) = postSolution
		SolutionGuid = {D8BE7247-8DAD-4558-B1CD-660198FA8142}
	EndGlobalSection
EndGlobal
